
Microsoft Visual Studio Solution File, Format Version 12.00
# Visual Studio Version 17
VisualStudioVersion = 17.7.34003.232
MinimumVisualStudioVersion = 10.0.40219.1
Project("{8BC9CEB8-8B4A-11D0-8D11-00A0C91BC942}") = "01_Classes", "01_Classes\01_Classes.vcxproj", "{DA6064A0-A1FD-4F7A-928E-76530425C3D0}"
EndProject
Project("{8BC9CEB8-8B4A-11D0-8D11-00A0C91BC942}") = "02_Constructors&Destacrors", "02_Constructors&Destacrors\02_Constructors&Destacrors.vcxproj", "{CAEDFB5D-8669-41C0-ADBF-265BC61D2AA9}"
EndProject
Project("{8BC9CEB8-8B4A-11D0-8D11-00A0C91BC942}") = "03_Vector", "03_Vector\03_Vector.vcxproj", "{4F8B03BA-414E-460B-8970-2860A9A4D9E3}"
EndProject
Project("{8BC9CEB8-8B4A-11D0-8D11-00A0C91BC942}") = "04_ConstructorCopy", "04_ConstructorCopy\04_ConstructorCopy.vcxproj", "{3FECF890-8227-415E-AAFC-EDDDA747898A}"
EndProject
Project("{8BC9CEB8-8B4A-11D0-8D11-00A0C91BC942}") = "05_PointerThis", "05_PointerThis\05_PointerThis.vcxproj", "{F4AA4BBA-0E25-4AB0-9925-8C31D7995C51}"
EndProject
Project("{8BC9CEB8-8B4A-11D0-8D11-00A0C91BC942}") = "Lab_train", "Lab_train\Lab_train.vcxproj", "{64EB1980-9A30-4281-B6EA-3817D808608F}"
EndProject
Project("{8BC9CEB8-8B4A-11D0-8D11-00A0C91BC942}") = "06_Static", "06_Static\06_Static.vcxproj", "{A17CAF2C-A62A-4197-8E60-45E19E5388CF}"
EndProject
Project("{8BC9CEB8-8B4A-11D0-8D11-00A0C91BC942}") = "07_OperatorsOverloading", "07_OperatorsOverloading\07_OperatorsOverloading.vcxproj", "{FF22EA05-6761-4B7B-A6BF-A79B0A12F5F2}"
EndProject
Project("{8BC9CEB8-8B4A-11D0-8D11-00A0C91BC942}") = "08_Fraction", "08_Fraction\08_Fraction.vcxproj", "{8B8415B9-BD1E-4D54-95D3-6D2F984565D0}"
EndProject
Project("{8BC9CEB8-8B4A-11D0-8D11-00A0C91BC942}") = "Lab_String", "Lab_String\Lab_String.vcxproj", "{EE5DE3BD-C5F9-48D3-8CAE-457DE8644045}"
EndProject
Project("{8BC9CEB8-8B4A-11D0-8D11-00A0C91BC942}") = "09_TemplateFanctions", "09_TemplateFanctions\09_TemplateFanctions.vcxproj", "{42BB2437-F0E8-422E-9D59-BDB258A8CBAF}"
EndProject
Project("{8BC9CEB8-8B4A-11D0-8D11-00A0C91BC942}") = "10_TemplateClasses", "10_TemplateClasses\10_TemplateClasses.vcxproj", "{153201D3-2CB0-4062-B5FE-47116AE14A58}"
EndProject
Project("{8BC9CEB8-8B4A-11D0-8D11-00A0C91BC942}") = "11_TemplateVector", "11_TemplateVector\11_TemplateVector.vcxproj", "{83A262E5-E90C-4079-B04D-8C463B47458A}"
EndProject
Project("{8BC9CEB8-8B4A-11D0-8D11-00A0C91BC942}") = "12_TamplateMath", "12_TamplateMath\12_TamplateMath.vcxproj", "{3E1D9108-3AB0-432D-A0C6-F97F30C9C2CD}"
EndProject
Project("{8BC9CEB8-8B4A-11D0-8D11-00A0C91BC942}") = "13_String", "13_String\13_String.vcxproj", "{8407BBB0-28A5-4632-9585-676D718FFFF5}"
EndProject
Project("{8BC9CEB8-8B4A-11D0-8D11-00A0C91BC942}") = "14_SingleLineList", "14_SingleLineList\14_SingleLineList.vcxproj", "{4848C07B-8134-4DEF-922E-46C1D3433891}"
EndProject
Project("{8BC9CEB8-8B4A-11D0-8D11-00A0C91BC942}") = "15_DoubleLinkedList", "15_DoubleLinkedList\15_DoubleLinkedList.vcxproj", "{BF209294-66DA-4B64-8E38-3E9ABED5FB7A}"
EndProject
Project("{8BC9CEB8-8B4A-11D0-8D11-00A0C91BC942}") = "16_Stack", "16_Stack\16_Stack.vcxproj", "{F4CEE7A5-CA43-4A10-974A-ADDF32F9799D}"
EndProject
Project("{8BC9CEB8-8B4A-11D0-8D11-00A0C91BC942}") = "17_TamlateStack", "17_TamlateStack\17_TamlateStack.vcxproj", "{6C739E5A-E848-4021-A4A1-45D75B0BEFBB}"
EndProject
Project("{8BC9CEB8-8B4A-11D0-8D11-00A0C91BC942}") = "18_Queue", "18_Queue\18_Queue.vcxproj", "{397EB2D0-3F1A-453B-BBBE-4AEC0A291188}"
EndProject
Project("{8BC9CEB8-8B4A-11D0-8D11-00A0C91BC942}") = "19_RingQueue", "19_RingQueue\19_RingQueue.vcxproj", "{12BE99C8-AA37-42E5-897A-5730493BF76A}"
EndProject
Project("{8BC9CEB8-8B4A-11D0-8D11-00A0C91BC942}") = "20_PriorityQueue", "20_PriorityQueue\20_PriorityQueue.vcxproj", "{F58BF53E-93F3-4217-A80E-0673429266F4}"
EndProject
Project("{8BC9CEB8-8B4A-11D0-8D11-00A0C91BC942}") = "21_TrmplatePriorityQueue", "21_TrmplatePriorityQueue\21_TrmplatePriorityQueue.vcxproj", "{1785F0F3-2681-433D-B7A8-330D3C7C4435}"
EndProject
Project("{8BC9CEB8-8B4A-11D0-8D11-00A0C91BC942}") = "Lab_DynamicDataStructures", "Lab_DynamicDataStructures\Lab_DynamicDataStructures.vcxproj", "{1F462602-35BC-487F-B6A1-08E231D98597}"
EndProject
Global
	GlobalSection(SolutionConfigurationPlatforms) = preSolution
		Debug|x64 = Debug|x64
		Debug|x86 = Debug|x86
		Release|x64 = Release|x64
		Release|x86 = Release|x86
	EndGlobalSection
	GlobalSection(ProjectConfigurationPlatforms) = postSolution
		{DA6064A0-A1FD-4F7A-928E-76530425C3D0}.Debug|x64.ActiveCfg = Debug|x64
		{DA6064A0-A1FD-4F7A-928E-76530425C3D0}.Debug|x64.Build.0 = Debug|x64
		{DA6064A0-A1FD-4F7A-928E-76530425C3D0}.Debug|x86.ActiveCfg = Debug|Win32
		{DA6064A0-A1FD-4F7A-928E-76530425C3D0}.Debug|x86.Build.0 = Debug|Win32
		{DA6064A0-A1FD-4F7A-928E-76530425C3D0}.Release|x64.ActiveCfg = Release|x64
		{DA6064A0-A1FD-4F7A-928E-76530425C3D0}.Release|x64.Build.0 = Release|x64
		{DA6064A0-A1FD-4F7A-928E-76530425C3D0}.Release|x86.ActiveCfg = Release|Win32
		{DA6064A0-A1FD-4F7A-928E-76530425C3D0}.Release|x86.Build.0 = Release|Win32
		{CAEDFB5D-8669-41C0-ADBF-265BC61D2AA9}.Debug|x64.ActiveCfg = Debug|x64
		{CAEDFB5D-8669-41C0-ADBF-265BC61D2AA9}.Debug|x64.Build.0 = Debug|x64
		{CAEDFB5D-8669-41C0-ADBF-265BC61D2AA9}.Debug|x86.ActiveCfg = Debug|Win32
		{CAEDFB5D-8669-41C0-ADBF-265BC61D2AA9}.Debug|x86.Build.0 = Debug|Win32
		{CAEDFB5D-8669-41C0-ADBF-265BC61D2AA9}.Release|x64.ActiveCfg = Release|x64
		{CAEDFB5D-8669-41C0-ADBF-265BC61D2AA9}.Release|x64.Build.0 = Release|x64
		{CAEDFB5D-8669-41C0-ADBF-265BC61D2AA9}.Release|x86.ActiveCfg = Release|Win32
		{CAEDFB5D-8669-41C0-ADBF-265BC61D2AA9}.Release|x86.Build.0 = Release|Win32
		{4F8B03BA-414E-460B-8970-2860A9A4D9E3}.Debug|x64.ActiveCfg = Debug|x64
		{4F8B03BA-414E-460B-8970-2860A9A4D9E3}.Debug|x64.Build.0 = Debug|x64
		{4F8B03BA-414E-460B-8970-2860A9A4D9E3}.Debug|x86.ActiveCfg = Debug|Win32
		{4F8B03BA-414E-460B-8970-2860A9A4D9E3}.Debug|x86.Build.0 = Debug|Win32
		{4F8B03BA-414E-460B-8970-2860A9A4D9E3}.Release|x64.ActiveCfg = Release|x64
		{4F8B03BA-414E-460B-8970-2860A9A4D9E3}.Release|x64.Build.0 = Release|x64
		{4F8B03BA-414E-460B-8970-2860A9A4D9E3}.Release|x86.ActiveCfg = Release|Win32
		{4F8B03BA-414E-460B-8970-2860A9A4D9E3}.Release|x86.Build.0 = Release|Win32
		{3FECF890-8227-415E-AAFC-EDDDA747898A}.Debug|x64.ActiveCfg = Debug|x64
		{3FECF890-8227-415E-AAFC-EDDDA747898A}.Debug|x64.Build.0 = Debug|x64
		{3FECF890-8227-415E-AAFC-EDDDA747898A}.Debug|x86.ActiveCfg = Debug|Win32
		{3FECF890-8227-415E-AAFC-EDDDA747898A}.Debug|x86.Build.0 = Debug|Win32
		{3FECF890-8227-415E-AAFC-EDDDA747898A}.Release|x64.ActiveCfg = Release|x64
		{3FECF890-8227-415E-AAFC-EDDDA747898A}.Release|x64.Build.0 = Release|x64
		{3FECF890-8227-415E-AAFC-EDDDA747898A}.Release|x86.ActiveCfg = Release|Win32
		{3FECF890-8227-415E-AAFC-EDDDA747898A}.Release|x86.Build.0 = Release|Win32
		{F4AA4BBA-0E25-4AB0-9925-8C31D7995C51}.Debug|x64.ActiveCfg = Debug|x64
		{F4AA4BBA-0E25-4AB0-9925-8C31D7995C51}.Debug|x64.Build.0 = Debug|x64
		{F4AA4BBA-0E25-4AB0-9925-8C31D7995C51}.Debug|x86.ActiveCfg = Debug|Win32
		{F4AA4BBA-0E25-4AB0-9925-8C31D7995C51}.Debug|x86.Build.0 = Debug|Win32
		{F4AA4BBA-0E25-4AB0-9925-8C31D7995C51}.Release|x64.ActiveCfg = Release|x64
		{F4AA4BBA-0E25-4AB0-9925-8C31D7995C51}.Release|x64.Build.0 = Release|x64
		{F4AA4BBA-0E25-4AB0-9925-8C31D7995C51}.Release|x86.ActiveCfg = Release|Win32
		{F4AA4BBA-0E25-4AB0-9925-8C31D7995C51}.Release|x86.Build.0 = Release|Win32
		{64EB1980-9A30-4281-B6EA-3817D808608F}.Debug|x64.ActiveCfg = Debug|x64
		{64EB1980-9A30-4281-B6EA-3817D808608F}.Debug|x64.Build.0 = Debug|x64
		{64EB1980-9A30-4281-B6EA-3817D808608F}.Debug|x86.ActiveCfg = Debug|Win32
		{64EB1980-9A30-4281-B6EA-3817D808608F}.Debug|x86.Build.0 = Debug|Win32
		{64EB1980-9A30-4281-B6EA-3817D808608F}.Release|x64.ActiveCfg = Release|x64
		{64EB1980-9A30-4281-B6EA-3817D808608F}.Release|x64.Build.0 = Release|x64
		{64EB1980-9A30-4281-B6EA-3817D808608F}.Release|x86.ActiveCfg = Release|Win32
		{64EB1980-9A30-4281-B6EA-3817D808608F}.Release|x86.Build.0 = Release|Win32
		{A17CAF2C-A62A-4197-8E60-45E19E5388CF}.Debug|x64.ActiveCfg = Debug|x64
		{A17CAF2C-A62A-4197-8E60-45E19E5388CF}.Debug|x64.Build.0 = Debug|x64
		{A17CAF2C-A62A-4197-8E60-45E19E5388CF}.Debug|x86.ActiveCfg = Debug|Win32
		{A17CAF2C-A62A-4197-8E60-45E19E5388CF}.Debug|x86.Build.0 = Debug|Win32
		{A17CAF2C-A62A-4197-8E60-45E19E5388CF}.Release|x64.ActiveCfg = Release|x64
		{A17CAF2C-A62A-4197-8E60-45E19E5388CF}.Release|x64.Build.0 = Release|x64
		{A17CAF2C-A62A-4197-8E60-45E19E5388CF}.Release|x86.ActiveCfg = Release|Win32
		{A17CAF2C-A62A-4197-8E60-45E19E5388CF}.Release|x86.Build.0 = Release|Win32
		{FF22EA05-6761-4B7B-A6BF-A79B0A12F5F2}.Debug|x64.ActiveCfg = Debug|x64
		{FF22EA05-6761-4B7B-A6BF-A79B0A12F5F2}.Debug|x64.Build.0 = Debug|x64
		{FF22EA05-6761-4B7B-A6BF-A79B0A12F5F2}.Debug|x86.ActiveCfg = Debug|Win32
		{FF22EA05-6761-4B7B-A6BF-A79B0A12F5F2}.Debug|x86.Build.0 = Debug|Win32
		{FF22EA05-6761-4B7B-A6BF-A79B0A12F5F2}.Release|x64.ActiveCfg = Release|x64
		{FF22EA05-6761-4B7B-A6BF-A79B0A12F5F2}.Release|x64.Build.0 = Release|x64
		{FF22EA05-6761-4B7B-A6BF-A79B0A12F5F2}.Release|x86.ActiveCfg = Release|Win32
		{FF22EA05-6761-4B7B-A6BF-A79B0A12F5F2}.Release|x86.Build.0 = Release|Win32
		{8B8415B9-BD1E-4D54-95D3-6D2F984565D0}.Debug|x64.ActiveCfg = Debug|x64
		{8B8415B9-BD1E-4D54-95D3-6D2F984565D0}.Debug|x64.Build.0 = Debug|x64
		{8B8415B9-BD1E-4D54-95D3-6D2F984565D0}.Debug|x86.ActiveCfg = Debug|Win32
		{8B8415B9-BD1E-4D54-95D3-6D2F984565D0}.Debug|x86.Build.0 = Debug|Win32
		{8B8415B9-BD1E-4D54-95D3-6D2F984565D0}.Release|x64.ActiveCfg = Release|x64
		{8B8415B9-BD1E-4D54-95D3-6D2F984565D0}.Release|x64.Build.0 = Release|x64
		{8B8415B9-BD1E-4D54-95D3-6D2F984565D0}.Release|x86.ActiveCfg = Release|Win32
		{8B8415B9-BD1E-4D54-95D3-6D2F984565D0}.Release|x86.Build.0 = Release|Win32
		{EE5DE3BD-C5F9-48D3-8CAE-457DE8644045}.Debug|x64.ActiveCfg = Debug|x64
		{EE5DE3BD-C5F9-48D3-8CAE-457DE8644045}.Debug|x64.Build.0 = Debug|x64
		{EE5DE3BD-C5F9-48D3-8CAE-457DE8644045}.Debug|x86.ActiveCfg = Debug|Win32
		{EE5DE3BD-C5F9-48D3-8CAE-457DE8644045}.Debug|x86.Build.0 = Debug|Win32
		{EE5DE3BD-C5F9-48D3-8CAE-457DE8644045}.Release|x64.ActiveCfg = Release|x64
		{EE5DE3BD-C5F9-48D3-8CAE-457DE8644045}.Release|x64.Build.0 = Release|x64
		{EE5DE3BD-C5F9-48D3-8CAE-457DE8644045}.Release|x86.ActiveCfg = Release|Win32
		{EE5DE3BD-C5F9-48D3-8CAE-457DE8644045}.Release|x86.Build.0 = Release|Win32
		{42BB2437-F0E8-422E-9D59-BDB258A8CBAF}.Debug|x64.ActiveCfg = Debug|x64
		{42BB2437-F0E8-422E-9D59-BDB258A8CBAF}.Debug|x64.Build.0 = Debug|x64
		{42BB2437-F0E8-422E-9D59-BDB258A8CBAF}.Debug|x86.ActiveCfg = Debug|Win32
		{42BB2437-F0E8-422E-9D59-BDB258A8CBAF}.Debug|x86.Build.0 = Debug|Win32
		{42BB2437-F0E8-422E-9D59-BDB258A8CBAF}.Release|x64.ActiveCfg = Release|x64
		{42BB2437-F0E8-422E-9D59-BDB258A8CBAF}.Release|x64.Build.0 = Release|x64
		{42BB2437-F0E8-422E-9D59-BDB258A8CBAF}.Release|x86.ActiveCfg = Release|Win32
		{42BB2437-F0E8-422E-9D59-BDB258A8CBAF}.Release|x86.Build.0 = Release|Win32
		{153201D3-2CB0-4062-B5FE-47116AE14A58}.Debug|x64.ActiveCfg = Debug|x64
		{153201D3-2CB0-4062-B5FE-47116AE14A58}.Debug|x64.Build.0 = Debug|x64
		{153201D3-2CB0-4062-B5FE-47116AE14A58}.Debug|x86.ActiveCfg = Debug|Win32
		{153201D3-2CB0-4062-B5FE-47116AE14A58}.Debug|x86.Build.0 = Debug|Win32
		{153201D3-2CB0-4062-B5FE-47116AE14A58}.Release|x64.ActiveCfg = Release|x64
		{153201D3-2CB0-4062-B5FE-47116AE14A58}.Release|x64.Build.0 = Release|x64
		{153201D3-2CB0-4062-B5FE-47116AE14A58}.Release|x86.ActiveCfg = Release|Win32
		{153201D3-2CB0-4062-B5FE-47116AE14A58}.Release|x86.Build.0 = Release|Win32
		{83A262E5-E90C-4079-B04D-8C463B47458A}.Debug|x64.ActiveCfg = Debug|x64
		{83A262E5-E90C-4079-B04D-8C463B47458A}.Debug|x64.Build.0 = Debug|x64
		{83A262E5-E90C-4079-B04D-8C463B47458A}.Debug|x86.ActiveCfg = Debug|Win32
		{83A262E5-E90C-4079-B04D-8C463B47458A}.Debug|x86.Build.0 = Debug|Win32
		{83A262E5-E90C-4079-B04D-8C463B47458A}.Release|x64.ActiveCfg = Release|x64
		{83A262E5-E90C-4079-B04D-8C463B47458A}.Release|x64.Build.0 = Release|x64
		{83A262E5-E90C-4079-B04D-8C463B47458A}.Release|x86.ActiveCfg = Release|Win32
		{83A262E5-E90C-4079-B04D-8C463B47458A}.Release|x86.Build.0 = Release|Win32
		{3E1D9108-3AB0-432D-A0C6-F97F30C9C2CD}.Debug|x64.ActiveCfg = Debug|x64
		{3E1D9108-3AB0-432D-A0C6-F97F30C9C2CD}.Debug|x64.Build.0 = Debug|x64
		{3E1D9108-3AB0-432D-A0C6-F97F30C9C2CD}.Debug|x86.ActiveCfg = Debug|Win32
		{3E1D9108-3AB0-432D-A0C6-F97F30C9C2CD}.Debug|x86.Build.0 = Debug|Win32
		{3E1D9108-3AB0-432D-A0C6-F97F30C9C2CD}.Release|x64.ActiveCfg = Release|x64
		{3E1D9108-3AB0-432D-A0C6-F97F30C9C2CD}.Release|x64.Build.0 = Release|x64
		{3E1D9108-3AB0-432D-A0C6-F97F30C9C2CD}.Release|x86.ActiveCfg = Release|Win32
		{3E1D9108-3AB0-432D-A0C6-F97F30C9C2CD}.Release|x86.Build.0 = Release|Win32
		{8407BBB0-28A5-4632-9585-676D718FFFF5}.Debug|x64.ActiveCfg = Debug|x64
		{8407BBB0-28A5-4632-9585-676D718FFFF5}.Debug|x64.Build.0 = Debug|x64
		{8407BBB0-28A5-4632-9585-676D718FFFF5}.Debug|x86.ActiveCfg = Debug|Win32
		{8407BBB0-28A5-4632-9585-676D718FFFF5}.Debug|x86.Build.0 = Debug|Win32
		{8407BBB0-28A5-4632-9585-676D718FFFF5}.Release|x64.ActiveCfg = Release|x64
		{8407BBB0-28A5-4632-9585-676D718FFFF5}.Release|x64.Build.0 = Release|x64
		{8407BBB0-28A5-4632-9585-676D718FFFF5}.Release|x86.ActiveCfg = Release|Win32
		{8407BBB0-28A5-4632-9585-676D718FFFF5}.Release|x86.Build.0 = Release|Win32
		{4848C07B-8134-4DEF-922E-46C1D3433891}.Debug|x64.ActiveCfg = Debug|x64
		{4848C07B-8134-4DEF-922E-46C1D3433891}.Debug|x64.Build.0 = Debug|x64
		{4848C07B-8134-4DEF-922E-46C1D3433891}.Debug|x86.ActiveCfg = Debug|Win32
		{4848C07B-8134-4DEF-922E-46C1D3433891}.Debug|x86.Build.0 = Debug|Win32
		{4848C07B-8134-4DEF-922E-46C1D3433891}.Release|x64.ActiveCfg = Release|x64
		{4848C07B-8134-4DEF-922E-46C1D3433891}.Release|x64.Build.0 = Release|x64
		{4848C07B-8134-4DEF-922E-46C1D3433891}.Release|x86.ActiveCfg = Release|Win32
		{4848C07B-8134-4DEF-922E-46C1D3433891}.Release|x86.Build.0 = Release|Win32
		{BF209294-66DA-4B64-8E38-3E9ABED5FB7A}.Debug|x64.ActiveCfg = Debug|x64
		{BF209294-66DA-4B64-8E38-3E9ABED5FB7A}.Debug|x64.Build.0 = Debug|x64
		{BF209294-66DA-4B64-8E38-3E9ABED5FB7A}.Debug|x86.ActiveCfg = Debug|Win32
		{BF209294-66DA-4B64-8E38-3E9ABED5FB7A}.Debug|x86.Build.0 = Debug|Win32
		{BF209294-66DA-4B64-8E38-3E9ABED5FB7A}.Release|x64.ActiveCfg = Release|x64
		{BF209294-66DA-4B64-8E38-3E9ABED5FB7A}.Release|x64.Build.0 = Release|x64
		{BF209294-66DA-4B64-8E38-3E9ABED5FB7A}.Release|x86.ActiveCfg = Release|Win32
		{BF209294-66DA-4B64-8E38-3E9ABED5FB7A}.Release|x86.Build.0 = Release|Win32
		{F4CEE7A5-CA43-4A10-974A-ADDF32F9799D}.Debug|x64.ActiveCfg = Debug|x64
		{F4CEE7A5-CA43-4A10-974A-ADDF32F9799D}.Debug|x64.Build.0 = Debug|x64
		{F4CEE7A5-CA43-4A10-974A-ADDF32F9799D}.Debug|x86.ActiveCfg = Debug|Win32
		{F4CEE7A5-CA43-4A10-974A-ADDF32F9799D}.Debug|x86.Build.0 = Debug|Win32
		{F4CEE7A5-CA43-4A10-974A-ADDF32F9799D}.Release|x64.ActiveCfg = Release|x64
		{F4CEE7A5-CA43-4A10-974A-ADDF32F9799D}.Release|x64.Build.0 = Release|x64
		{F4CEE7A5-CA43-4A10-974A-ADDF32F9799D}.Release|x86.ActiveCfg = Release|Win32
		{F4CEE7A5-CA43-4A10-974A-ADDF32F9799D}.Release|x86.Build.0 = Release|Win32
		{6C739E5A-E848-4021-A4A1-45D75B0BEFBB}.Debug|x64.ActiveCfg = Debug|x64
		{6C739E5A-E848-4021-A4A1-45D75B0BEFBB}.Debug|x64.Build.0 = Debug|x64
		{6C739E5A-E848-4021-A4A1-45D75B0BEFBB}.Debug|x86.ActiveCfg = Debug|Win32
		{6C739E5A-E848-4021-A4A1-45D75B0BEFBB}.Debug|x86.Build.0 = Debug|Win32
		{6C739E5A-E848-4021-A4A1-45D75B0BEFBB}.Release|x64.ActiveCfg = Release|x64
		{6C739E5A-E848-4021-A4A1-45D75B0BEFBB}.Release|x64.Build.0 = Release|x64
		{6C739E5A-E848-4021-A4A1-45D75B0BEFBB}.Release|x86.ActiveCfg = Release|Win32
		{6C739E5A-E848-4021-A4A1-45D75B0BEFBB}.Release|x86.Build.0 = Release|Win32
		{397EB2D0-3F1A-453B-BBBE-4AEC0A291188}.Debug|x64.ActiveCfg = Debug|x64
		{397EB2D0-3F1A-453B-BBBE-4AEC0A291188}.Debug|x64.Build.0 = Debug|x64
		{397EB2D0-3F1A-453B-BBBE-4AEC0A291188}.Debug|x86.ActiveCfg = Debug|Win32
		{397EB2D0-3F1A-453B-BBBE-4AEC0A291188}.Debug|x86.Build.0 = Debug|Win32
		{397EB2D0-3F1A-453B-BBBE-4AEC0A291188}.Release|x64.ActiveCfg = Release|x64
		{397EB2D0-3F1A-453B-BBBE-4AEC0A291188}.Release|x64.Build.0 = Release|x64
		{397EB2D0-3F1A-453B-BBBE-4AEC0A291188}.Release|x86.ActiveCfg = Release|Win32
		{397EB2D0-3F1A-453B-BBBE-4AEC0A291188}.Release|x86.Build.0 = Release|Win32
		{12BE99C8-AA37-42E5-897A-5730493BF76A}.Debug|x64.ActiveCfg = Debug|x64
		{12BE99C8-AA37-42E5-897A-5730493BF76A}.Debug|x64.Build.0 = Debug|x64
		{12BE99C8-AA37-42E5-897A-5730493BF76A}.Debug|x86.ActiveCfg = Debug|Win32
		{12BE99C8-AA37-42E5-897A-5730493BF76A}.Debug|x86.Build.0 = Debug|Win32
		{12BE99C8-AA37-42E5-897A-5730493BF76A}.Release|x64.ActiveCfg = Release|x64
		{12BE99C8-AA37-42E5-897A-5730493BF76A}.Release|x64.Build.0 = Release|x64
		{12BE99C8-AA37-42E5-897A-5730493BF76A}.Release|x86.ActiveCfg = Release|Win32
		{12BE99C8-AA37-42E5-897A-5730493BF76A}.Release|x86.Build.0 = Release|Win32
		{F58BF53E-93F3-4217-A80E-0673429266F4}.Debug|x64.ActiveCfg = Debug|x64
		{F58BF53E-93F3-4217-A80E-0673429266F4}.Debug|x64.Build.0 = Debug|x64
		{F58BF53E-93F3-4217-A80E-0673429266F4}.Debug|x86.ActiveCfg = Debug|Win32
		{F58BF53E-93F3-4217-A80E-0673429266F4}.Debug|x86.Build.0 = Debug|Win32
		{F58BF53E-93F3-4217-A80E-0673429266F4}.Release|x64.ActiveCfg = Release|x64
		{F58BF53E-93F3-4217-A80E-0673429266F4}.Release|x64.Build.0 = Release|x64
		{F58BF53E-93F3-4217-A80E-0673429266F4}.Release|x86.ActiveCfg = Release|Win32
		{F58BF53E-93F3-4217-A80E-0673429266F4}.Release|x86.Build.0 = Release|Win32
		{1785F0F3-2681-433D-B7A8-330D3C7C4435}.Debug|x64.ActiveCfg = Debug|x64
		{1785F0F3-2681-433D-B7A8-330D3C7C4435}.Debug|x64.Build.0 = Debug|x64
		{1785F0F3-2681-433D-B7A8-330D3C7C4435}.Debug|x86.ActiveCfg = Debug|Win32
		{1785F0F3-2681-433D-B7A8-330D3C7C4435}.Debug|x86.Build.0 = Debug|Win32
		{1785F0F3-2681-433D-B7A8-330D3C7C4435}.Release|x64.ActiveCfg = Release|x64
		{1785F0F3-2681-433D-B7A8-330D3C7C4435}.Release|x64.Build.0 = Release|x64
		{1785F0F3-2681-433D-B7A8-330D3C7C4435}.Release|x86.ActiveCfg = Release|Win32
		{1785F0F3-2681-433D-B7A8-330D3C7C4435}.Release|x86.Build.0 = Release|Win32
		{1F462602-35BC-487F-B6A1-08E231D98597}.Debug|x64.ActiveCfg = Debug|x64
		{1F462602-35BC-487F-B6A1-08E231D98597}.Debug|x64.Build.0 = Debug|x64
		{1F462602-35BC-487F-B6A1-08E231D98597}.Debug|x86.ActiveCfg = Debug|Win32
		{1F462602-35BC-487F-B6A1-08E231D98597}.Debug|x86.Build.0 = Debug|Win32
		{1F462602-35BC-487F-B6A1-08E231D98597}.Release|x64.ActiveCfg = Release|x64
		{1F462602-35BC-487F-B6A1-08E231D98597}.Release|x64.Build.0 = Release|x64
		{1F462602-35BC-487F-B6A1-08E231D98597}.Release|x86.ActiveCfg = Release|Win32
		{1F462602-35BC-487F-B6A1-08E231D98597}.Release|x86.Build.0 = Release|Win32
	EndGlobalSection
	GlobalSection(SolutionProperties) = preSolution
		HideSolutionNode = FALSE
	EndGlobalSection
	GlobalSection(ExtensibilityGlobals) = postSolution
		SolutionGuid = {8E589995-5135-4861-80FF-317E4A86B120}
	EndGlobalSection
EndGlobal
